
Microsoft Visual Studio Solution File, Format Version 12.00
# Visual Studio 15
VisualStudioVersion = 15.0.28307.271
MinimumVisualStudioVersion = 10.0.40219.1
Project("{FAE04EC0-301F-11D3-BF4B-00C04F79EFBC}") = "TheaterTickets", "TheaterTickets\TheaterTickets.csproj", "{87A012E3-9390-48C5-9357-BB9A489A3D06}"
EndProject
Global
	GlobalSection(SolutionConfigurationPlatforms) = preSolution
		Debug|Any CPU = Debug|Any CPU
		Release|Any CPU = Release|Any CPU
	EndGlobalSection
	GlobalSection(ProjectConfigurationPlatforms) = postSolution
		{87A012E3-9390-48C5-9357-BB9A489A3D06}.Debug|Any CPU.ActiveCfg = Debug|Any CPU
		{87A012E3-9390-48C5-9357-BB9A489A3D06}.Debug|Any CPU.Build.0 = Debug|Any CPU
		{87A012E3-9390-48C5-9357-BB9A489A3D06}.Release|Any CPU.ActiveCfg = Release|Any CPU
		{87A012E3-9390-48C5-9357-BB9A489A3D06}.Release|Any CPU.Build.0 = Release|Any CPU
	EndGlobalSection
	GlobalSection(SolutionProperties) = preSolution
		HideSolutionNode = FALSE
	EndGlobalSection
	GlobalSection(ExtensibilityGlobals) = postSolution
		SolutionGuid = {D66738E9-5DA1-411B-A30C-2D7EB785B93F}
	EndGlobalSection
EndGlobal
